
Microsoft Visual Studio Solution File, Format Version 12.00
# Visual Studio 15
VisualStudioVersion = 15.0.28307.421
MinimumVisualStudioVersion = 10.0.40219.1
Project("{FAE04EC0-301F-11D3-BF4B-00C04F79EFBC}") = "Restaurant.Reservations.Api", "Restaurant.Reservations.Api\Restaurant.Reservations.Api.csproj", "{0BDC6BA4-8FE0-4A19-A128-30309092D91D}"
EndProject
Global
	GlobalSection(SolutionConfigurationPlatforms) = preSolution
		Debug|Any CPU = Debug|Any CPU
		Release|Any CPU = Release|Any CPU
	EndGlobalSection
	GlobalSection(ProjectConfigurationPlatforms) = postSolution
		{0BDC6BA4-8FE0-4A19-A128-30309092D91D}.Debug|Any CPU.ActiveCfg = Debug|Any CPU
		{0BDC6BA4-8FE0-4A19-A128-30309092D91D}.Debug|Any CPU.Build.0 = Debug|Any CPU
		{0BDC6BA4-8FE0-4A19-A128-30309092D91D}.Release|Any CPU.ActiveCfg = Release|Any CPU
		{0BDC6BA4-8FE0-4A19-A128-30309092D91D}.Release|Any CPU.Build.0 = Release|Any CPU
	EndGlobalSection
	GlobalSection(SolutionProperties) = preSolution
		HideSolutionNode = FALSE
	EndGlobalSection
	GlobalSection(ExtensibilityGlobals) = postSolution
		SolutionGuid = {76E1F7F7-7D5B-4BBA-AF97-9A5BF61B860F}
	EndGlobalSection
EndGlobal
